// !$*UTF8*$!
{
	archiveVersion = 1;
	classes = {
	};
	objectVersion = 56;
	objects = {

/* Begin PBXBuildFile section */
		0CA7D4FA2BFF39E200B631FE /* ProfileView.swift in Sources */ = {isa = PBXBuildFile; fileRef = 0CA7D4F92BFF39E200B631FE /* ProfileView.swift */; };
		0CA7D4FC2BFF3A0800B631FE /* ToDoListView.swift in Sources */ = {isa = PBXBuildFile; fileRef = 0CA7D4FB2BFF3A0800B631FE /* ToDoListView.swift */; };
		0CA7D4FE2BFF3A3000B631FE /* NewitemView.swift in Sources */ = {isa = PBXBuildFile; fileRef = 0CA7D4FD2BFF3A3000B631FE /* NewitemView.swift */; };
		0CA7D5002BFF3A5500B631FE /* LoginView.swift in Sources */ = {isa = PBXBuildFile; fileRef = 0CA7D4FF2BFF3A5500B631FE /* LoginView.swift */; };
		0CA7D5022BFF3A7000B631FE /* RegisterView.swift in Sources */ = {isa = PBXBuildFile; fileRef = 0CA7D5012BFF3A7000B631FE /* RegisterView.swift */; };
		0CA7D5042BFF3AB900B631FE /* ToDolistitemView.swift in Sources */ = {isa = PBXBuildFile; fileRef = 0CA7D5032BFF3AB900B631FE /* ToDolistitemView.swift */; };
		0CA7D5062BFF3B4700B631FE /* User.swift in Sources */ = {isa = PBXBuildFile; fileRef = 0CA7D5052BFF3B4700B631FE /* User.swift */; };
		0CA7D5082BFF3B6400B631FE /* ToDOListitems.swift in Sources */ = {isa = PBXBuildFile; fileRef = 0CA7D5072BFF3B6400B631FE /* ToDOListitems.swift */; };
		0CA7D50A2BFF484600B631FE /* MainViewViewModel.swift in Sources */ = {isa = PBXBuildFile; fileRef = 0CA7D5092BFF484600B631FE /* MainViewViewModel.swift */; };
		0CA7D50C2BFF485500B631FE /* ProfileViewViewModel.swift in Sources */ = {isa = PBXBuildFile; fileRef = 0CA7D50B2BFF485500B631FE /* ProfileViewViewModel.swift */; };
		0CA7D50E2BFF486800B631FE /* ToDoListViewModel.swift in Sources */ = {isa = PBXBuildFile; fileRef = 0CA7D50D2BFF486800B631FE /* ToDoListViewModel.swift */; };
		0CA7D5102BFF488600B631FE /* NewItemViewModel.swift in Sources */ = {isa = PBXBuildFile; fileRef = 0CA7D50F2BFF488600B631FE /* NewItemViewModel.swift */; };
		0CA7D5122BFF489700B631FE /* LoginViewModel.swift in Sources */ = {isa = PBXBuildFile; fileRef = 0CA7D5112BFF489700B631FE /* LoginViewModel.swift */; };
		0CA7D5142BFF48AC00B631FE /* RegisterViewModel.swift in Sources */ = {isa = PBXBuildFile; fileRef = 0CA7D5132BFF48AC00B631FE /* RegisterViewModel.swift */; };
		0CA7D5162BFF48C200B631FE /* ToDoListItemViewModel.swift in Sources */ = {isa = PBXBuildFile; fileRef = 0CA7D5152BFF48C200B631FE /* ToDoListItemViewModel.swift */; };
		0CA7D5182BFF95FD00B631FE /* HeaderView.swift in Sources */ = {isa = PBXBuildFile; fileRef = 0CA7D5172BFF95FD00B631FE /* HeaderView.swift */; };
		0CA7D51A2C008D5100B631FE /* TLButtonView.swift in Sources */ = {isa = PBXBuildFile; fileRef = 0CA7D5192C008D5100B631FE /* TLButtonView.swift */; };
		0CC446D62BF4E03100D407A8 /* my_to_do_listApp.swift in Sources */ = {isa = PBXBuildFile; fileRef = 0CC446D52BF4E03100D407A8 /* my_to_do_listApp.swift */; };
		0CC446D82BF4E03100D407A8 /* MainView.swift in Sources */ = {isa = PBXBuildFile; fileRef = 0CC446D72BF4E03100D407A8 /* MainView.swift */; };
		0CC446DA2BF4E03500D407A8 /* Assets.xcassets in Resources */ = {isa = PBXBuildFile; fileRef = 0CC446D92BF4E03500D407A8 /* Assets.xcassets */; };
		0CC446DD2BF4E03500D407A8 /* Preview Assets.xcassets in Resources */ = {isa = PBXBuildFile; fileRef = 0CC446DC2BF4E03500D407A8 /* Preview Assets.xcassets */; };
		0CC446E52BF4E0D800D407A8 /* Algorithms in Frameworks */ = {isa = PBXBuildFile; productRef = 0CC446E42BF4E0D800D407A8 /* Algorithms */; };
		0CC446E82BF4E34F00D407A8 /* FirebaseAuth in Frameworks */ = {isa = PBXBuildFile; productRef = 0CC446E72BF4E34F00D407A8 /* FirebaseAuth */; };
		0CC446EA2BF4E34F00D407A8 /* FirebaseFirestore in Frameworks */ = {isa = PBXBuildFile; productRef = 0CC446E92BF4E34F00D407A8 /* FirebaseFirestore */; };
		0CC446EC2BF4E34F00D407A8 /* FirebaseFirestoreSwift in Frameworks */ = {isa = PBXBuildFile; productRef = 0CC446EB2BF4E34F00D407A8 /* FirebaseFirestoreSwift */; };
		0CC446EE2BF4E5BB00D407A8 /* GoogleService-Info.plist in Resources */ = {isa = PBXBuildFile; fileRef = 0CC446ED2BF4E5BB00D407A8 /* GoogleService-Info.plist */; };
/* End PBXBuildFile section */

/* Begin PBXFileReference section */
		0CA7D4F92BFF39E200B631FE /* ProfileView.swift */ = {isa = PBXFileReference; lastKnownFileType = sourcecode.swift; path = ProfileView.swift; sourceTree = "<group>"; };
		0CA7D4FB2BFF3A0800B631FE /* ToDoListView.swift */ = {isa = PBXFileReference; lastKnownFileType = sourcecode.swift; path = ToDoListView.swift; sourceTree = "<group>"; };
		0CA7D4FD2BFF3A3000B631FE /* NewitemView.swift */ = {isa = PBXFileReference; lastKnownFileType = sourcecode.swift; path = NewitemView.swift; sourceTree = "<group>"; };
		0CA7D4FF2BFF3A5500B631FE /* LoginView.swift */ = {isa = PBXFileReference; lastKnownFileType = sourcecode.swift; path = LoginView.swift; sourceTree = "<group>"; };
		0CA7D5012BFF3A7000B631FE /* RegisterView.swift */ = {isa = PBXFileReference; lastKnownFileType = sourcecode.swift; path = RegisterView.swift; sourceTree = "<group>"; };
		0CA7D5032BFF3AB900B631FE /* ToDolistitemView.swift */ = {isa = PBXFileReference; lastKnownFileType = sourcecode.swift; path = ToDolistitemView.swift; sourceTree = "<group>"; };
		0CA7D5052BFF3B4700B631FE /* User.swift */ = {isa = PBXFileReference; lastKnownFileType = sourcecode.swift; path = User.swift; sourceTree = "<group>"; };
		0CA7D5072BFF3B6400B631FE /* ToDOListitems.swift */ = {isa = PBXFileReference; lastKnownFileType = sourcecode.swift; path = ToDOListitems.swift; sourceTree = "<group>"; };
		0CA7D5092BFF484600B631FE /* MainViewViewModel.swift */ = {isa = PBXFileReference; lastKnownFileType = sourcecode.swift; path = MainViewViewModel.swift; sourceTree = "<group>"; };
		0CA7D50B2BFF485500B631FE /* ProfileViewViewModel.swift */ = {isa = PBXFileReference; lastKnownFileType = sourcecode.swift; path = ProfileViewViewModel.swift; sourceTree = "<group>"; };
		0CA7D50D2BFF486800B631FE /* ToDoListViewModel.swift */ = {isa = PBXFileReference; lastKnownFileType = sourcecode.swift; path = ToDoListViewModel.swift; sourceTree = "<group>"; };
		0CA7D50F2BFF488600B631FE /* NewItemViewModel.swift */ = {isa = PBXFileReference; lastKnownFileType = sourcecode.swift; path = NewItemViewModel.swift; sourceTree = "<group>"; };
		0CA7D5112BFF489700B631FE /* LoginViewModel.swift */ = {isa = PBXFileReference; lastKnownFileType = sourcecode.swift; path = LoginViewModel.swift; sourceTree = "<group>"; };
		0CA7D5132BFF48AC00B631FE /* RegisterViewModel.swift */ = {isa = PBXFileReference; lastKnownFileType = sourcecode.swift; path = RegisterViewModel.swift; sourceTree = "<group>"; };
		0CA7D5152BFF48C200B631FE /* ToDoListItemViewModel.swift */ = {isa = PBXFileReference; lastKnownFileType = sourcecode.swift; path = ToDoListItemViewModel.swift; sourceTree = "<group>"; };
		0CA7D5172BFF95FD00B631FE /* HeaderView.swift */ = {isa = PBXFileReference; lastKnownFileType = sourcecode.swift; path = HeaderView.swift; sourceTree = "<group>"; };
		0CA7D5192C008D5100B631FE /* TLButtonView.swift */ = {isa = PBXFileReference; lastKnownFileType = sourcecode.swift; path = TLButtonView.swift; sourceTree = "<group>"; };
		0CC446D22BF4E03100D407A8 /* my_to_do_list.app */ = {isa = PBXFileReference; explicitFileType = wrapper.application; includeInIndex = 0; path = my_to_do_list.app; sourceTree = BUILT_PRODUCTS_DIR; };
		0CC446D52BF4E03100D407A8 /* my_to_do_listApp.swift */ = {isa = PBXFileReference; lastKnownFileType = sourcecode.swift; path = my_to_do_listApp.swift; sourceTree = "<group>"; };
		0CC446D72BF4E03100D407A8 /* MainView.swift */ = {isa = PBXFileReference; lastKnownFileType = sourcecode.swift; path = MainView.swift; sourceTree = "<group>"; };
		0CC446D92BF4E03500D407A8 /* Assets.xcassets */ = {isa = PBXFileReference; lastKnownFileType = folder.assetcatalog; path = Assets.xcassets; sourceTree = "<group>"; };
		0CC446DC2BF4E03500D407A8 /* Preview Assets.xcassets */ = {isa = PBXFileReference; lastKnownFileType = folder.assetcatalog; path = "Preview Assets.xcassets"; sourceTree = "<group>"; };
		0CC446ED2BF4E5BB00D407A8 /* GoogleService-Info.plist */ = {isa = PBXFileReference; fileEncoding = 4; lastKnownFileType = text.plist.xml; path = "GoogleService-Info.plist"; sourceTree = "<group>"; };
/* End PBXFileReference section */

/* Begin PBXFrameworksBuildPhase section */
		0CC446CF2BF4E03100D407A8 /* Frameworks */ = {
			isa = PBXFrameworksBuildPhase;
			buildActionMask = 2147483647;
			files = (
				0CC446E52BF4E0D800D407A8 /* Algorithms in Frameworks */,
				0CC446E82BF4E34F00D407A8 /* FirebaseAuth in Frameworks */,
				0CC446EA2BF4E34F00D407A8 /* FirebaseFirestore in Frameworks */,
				0CC446EC2BF4E34F00D407A8 /* FirebaseFirestoreSwift in Frameworks */,
			);
			runOnlyForDeploymentPostprocessing = 0;
		};
/* End PBXFrameworksBuildPhase section */

/* Begin PBXGroup section */
		0CA7D4F12BFDEC6A00B631FE /* Views */ = {
			isa = PBXGroup;
			children = (
				0CC446D72BF4E03100D407A8 /* MainView.swift */,
				0CA7D4F92BFF39E200B631FE /* ProfileView.swift */,
				0CA7D4FB2BFF3A0800B631FE /* ToDoListView.swift */,
				0CA7D4FD2BFF3A3000B631FE /* NewitemView.swift */,
				0CA7D4FF2BFF3A5500B631FE /* LoginView.swift */,
				0CA7D5012BFF3A7000B631FE /* RegisterView.swift */,
				0CA7D5032BFF3AB900B631FE /* ToDolistitemView.swift */,
				0CA7D5172BFF95FD00B631FE /* HeaderView.swift */,
				0CA7D5192C008D5100B631FE /* TLButtonView.swift */,
			);
			path = Views;
			sourceTree = "<group>";
		};
		0CA7D4F22BFDEC8A00B631FE /* ViewModels */ = {
			isa = PBXGroup;
			children = (
				0CA7D5092BFF484600B631FE /* MainViewViewModel.swift */,
				0CA7D50B2BFF485500B631FE /* ProfileViewViewModel.swift */,
				0CA7D50D2BFF486800B631FE /* ToDoListViewModel.swift */,
				0CA7D50F2BFF488600B631FE /* NewItemViewModel.swift */,
				0CA7D5112BFF489700B631FE /* LoginViewModel.swift */,
				0CA7D5132BFF48AC00B631FE /* RegisterViewModel.swift */,
				0CA7D5152BFF48C200B631FE /* ToDoListItemViewModel.swift */,
			);
			path = ViewModels;
			sourceTree = "<group>";
		};
		0CA7D4F32BFDECB800B631FE /* Models */ = {
			isa = PBXGroup;
			children = (
				0CA7D5052BFF3B4700B631FE /* User.swift */,
				0CA7D5072BFF3B6400B631FE /* ToDOListitems.swift */,
			);
			path = Models;
			sourceTree = "<group>";
		};
		0CA7D4F82BFF366A00B631FE /* Other */ = {
			isa = PBXGroup;
			children = (
				0CC446D92BF4E03500D407A8 /* Assets.xcassets */,
				0CC446ED2BF4E5BB00D407A8 /* GoogleService-Info.plist */,
				0CC446D52BF4E03100D407A8 /* my_to_do_listApp.swift */,
			);
			path = Other;
			sourceTree = "<group>";
		};
		0CC446C92BF4E03100D407A8 = {
			isa = PBXGroup;
			children = (
				0CC446D42BF4E03100D407A8 /* my_to_do_list */,
				0CC446D32BF4E03100D407A8 /* Products */,
			);
			sourceTree = "<group>";
		};
		0CC446D32BF4E03100D407A8 /* Products */ = {
			isa = PBXGroup;
			children = (
				0CC446D22BF4E03100D407A8 /* my_to_do_list.app */,
			);
			name = Products;
			sourceTree = "<group>";
		};
		0CC446D42BF4E03100D407A8 /* my_to_do_list */ = {
			isa = PBXGroup;
			children = (
				0CA7D4F82BFF366A00B631FE /* Other */,
				0CA7D4F12BFDEC6A00B631FE /* Views */,
				0CA7D4F22BFDEC8A00B631FE /* ViewModels */,
				0CA7D4F32BFDECB800B631FE /* Models */,
				0CC446DB2BF4E03500D407A8 /* Preview Content */,
			);
			path = my_to_do_list;
			sourceTree = "<group>";
		};
		0CC446DB2BF4E03500D407A8 /* Preview Content */ = {
			isa = PBXGroup;
			children = (
				0CC446DC2BF4E03500D407A8 /* Preview Assets.xcassets */,
			);
			path = "Preview Content";
			sourceTree = "<group>";
		};
/* End PBXGroup section */

/* Begin PBXNativeTarget section */
		0CC446D12BF4E03100D407A8 /* my_to_do_list */ = {
			isa = PBXNativeTarget;
			buildConfigurationList = 0CC446E02BF4E03500D407A8 /* Build configuration list for PBXNativeTarget "my_to_do_list" */;
			buildPhases = (
				0CC446CE2BF4E03100D407A8 /* Sources */,
				0CC446CF2BF4E03100D407A8 /* Frameworks */,
				0CC446D02BF4E03100D407A8 /* Resources */,
			);
			buildRules = (
			);
			dependencies = (
			);
			name = my_to_do_list;
			packageProductDependencies = (
				0CC446E42BF4E0D800D407A8 /* Algorithms */,
				0CC446E72BF4E34F00D407A8 /* FirebaseAuth */,
				0CC446E92BF4E34F00D407A8 /* FirebaseFirestore */,
				0CC446EB2BF4E34F00D407A8 /* FirebaseFirestoreSwift */,
			);
			productName = my_to_do_list;
			productReference = 0CC446D22BF4E03100D407A8 /* my_to_do_list.app */;
			productType = "com.apple.product-type.application";
		};
/* End PBXNativeTarget section */

/* Begin PBXProject section */
		0CC446CA2BF4E03100D407A8 /* Project object */ = {
			isa = PBXProject;
			attributes = {
				BuildIndependentTargetsInParallel = 1;
				LastSwiftUpdateCheck = 1430;
				LastUpgradeCheck = 1430;
				TargetAttributes = {
					0CC446D12BF4E03100D407A8 = {
						CreatedOnToolsVersion = 14.3;
					};
				};
			};
			buildConfigurationList = 0CC446CD2BF4E03100D407A8 /* Build configuration list for PBXProject "my_to_do_list" */;
			compatibilityVersion = "Xcode 14.0";
			developmentRegion = en;
			hasScannedForEncodings = 0;
			knownRegions = (
				en,
				Base,
			);
			mainGroup = 0CC446C92BF4E03100D407A8;
			packageReferences = (
				0CC446E32BF4E0D800D407A8 /* XCRemoteSwiftPackageReference "swift-algorithms" */,
				0CC446E62BF4E34F00D407A8 /* XCRemoteSwiftPackageReference "firebase-ios-sdk" */,
			);
			productRefGroup = 0CC446D32BF4E03100D407A8 /* Products */;
			projectDirPath = "";
			projectRoot = "";
			targets = (
				0CC446D12BF4E03100D407A8 /* my_to_do_list */,
			);
		};
/* End PBXProject section */

/* Begin PBXResourcesBuildPhase section */
		0CC446D02BF4E03100D407A8 /* Resources */ = {
			isa = PBXResourcesBuildPhase;
			buildActionMask = 2147483647;
			files = (
				0CC446DD2BF4E03500D407A8 /* Preview Assets.xcassets in Resources */,
				0CC446DA2BF4E03500D407A8 /* Assets.xcassets in Resources */,
				0CC446EE2BF4E5BB00D407A8 /* GoogleService-Info.plist in Resources */,
			);
			runOnlyForDeploymentPostprocessing = 0;
		};
/* End PBXResourcesBuildPhase section */

/* Begin PBXSourcesBuildPhase section */
		0CC446CE2BF4E03100D407A8 /* Sources */ = {
			isa = PBXSourcesBuildPhase;
			buildActionMask = 2147483647;
			files = (
				0CA7D5002BFF3A5500B631FE /* LoginView.swift in Sources */,
				0CA7D5182BFF95FD00B631FE /* HeaderView.swift in Sources */,
				0CC446D82BF4E03100D407A8 /* MainView.swift in Sources */,
				0CA7D50A2BFF484600B631FE /* MainViewViewModel.swift in Sources */,
				0CA7D5142BFF48AC00B631FE /* RegisterViewModel.swift in Sources */,
				0CA7D4FC2BFF3A0800B631FE /* ToDoListView.swift in Sources */,
				0CA7D5022BFF3A7000B631FE /* RegisterView.swift in Sources */,
				0CA7D51A2C008D5100B631FE /* TLButtonView.swift in Sources */,
				0CA7D50C2BFF485500B631FE /* ProfileViewViewModel.swift in Sources */,
				0CA7D5082BFF3B6400B631FE /* ToDOListitems.swift in Sources */,
				0CA7D4FA2BFF39E200B631FE /* ProfileView.swift in Sources */,
				0CA7D5162BFF48C200B631FE /* ToDoListItemViewModel.swift in Sources */,
				0CA7D5122BFF489700B631FE /* LoginViewModel.swift in Sources */,
				0CA7D5102BFF488600B631FE /* NewItemViewModel.swift in Sources */,
				0CA7D5062BFF3B4700B631FE /* User.swift in Sources */,
				0CA7D5042BFF3AB900B631FE /* ToDolistitemView.swift in Sources */,
				0CA7D50E2BFF486800B631FE /* ToDoListViewModel.swift in Sources */,
				0CA7D4FE2BFF3A3000B631FE /* NewitemView.swift in Sources */,
				0CC446D62BF4E03100D407A8 /* my_to_do_listApp.swift in Sources */,
			);
			runOnlyForDeploymentPostprocessing = 0;
		};
/* End PBXSourcesBuildPhase section */

/* Begin XCBuildConfiguration section */
		0CC446DE2BF4E03500D407A8 /* Debug */ = {
			isa = XCBuildConfiguration;
			buildSettings = {
				ALWAYS_SEARCH_USER_PATHS = NO;
				CLANG_ANALYZER_NONNULL = YES;
				CLANG_ANALYZER_NUMBER_OBJECT_CONVERSION = YES_AGGRESSIVE;
				CLANG_CXX_LANGUAGE_STANDARD = "gnu++20";
				CLANG_ENABLE_MODULES = YES;
				CLANG_ENABLE_OBJC_ARC = YES;
				CLANG_ENABLE_OBJC_WEAK = YES;
				CLANG_WARN_BLOCK_CAPTURE_AUTORELEASING = YES;
				CLANG_WARN_BOOL_CONVERSION = YES;
				CLANG_WARN_COMMA = YES;
				CLANG_WARN_CONSTANT_CONVERSION = YES;
				CLANG_WARN_DEPRECATED_OBJC_IMPLEMENTATIONS = YES;
				CLANG_WARN_DIRECT_OBJC_ISA_USAGE = YES_ERROR;
				CLANG_WARN_DOCUMENTATION_COMMENTS = YES;
				CLANG_WARN_EMPTY_BODY = YES;
				CLANG_WARN_ENUM_CONVERSION = YES;
				CLANG_WARN_INFINITE_RECURSION = YES;
				CLANG_WARN_INT_CONVERSION = YES;
				CLANG_WARN_NON_LITERAL_NULL_CONVERSION = YES;
				CLANG_WARN_OBJC_IMPLICIT_RETAIN_SELF = YES;
				CLANG_WARN_OBJC_LITERAL_CONVERSION = YES;
				CLANG_WARN_OBJC_ROOT_CLASS = YES_ERROR;
				CLANG_WARN_QUOTED_INCLUDE_IN_FRAMEWORK_HEADER = YES;
				CLANG_WARN_RANGE_LOOP_ANALYSIS = YES;
				CLANG_WARN_STRICT_PROTOTYPES = YES;
				CLANG_WARN_SUSPICIOUS_MOVE = YES;
				CLANG_WARN_UNGUARDED_AVAILABILITY = YES_AGGRESSIVE;
				CLANG_WARN_UNREACHABLE_CODE = YES;
				CLANG_WARN__DUPLICATE_METHOD_MATCH = YES;
				COPY_PHASE_STRIP = NO;
				DEBUG_INFORMATION_FORMAT = dwarf;
				ENABLE_STRICT_OBJC_MSGSEND = YES;
				ENABLE_TESTABILITY = YES;
				GCC_C_LANGUAGE_STANDARD = gnu11;
				GCC_DYNAMIC_NO_PIC = NO;
				GCC_NO_COMMON_BLOCKS = YES;
				GCC_OPTIMIZATION_LEVEL = 0;
				GCC_PREPROCESSOR_DEFINITIONS = (
					"DEBUG=1",
					"$(inherited)",
				);
				GCC_WARN_64_TO_32_BIT_CONVERSION = YES;
				GCC_WARN_ABOUT_RETURN_TYPE = YES_ERROR;
				GCC_WARN_UNDECLARED_SELECTOR = YES;
				GCC_WARN_UNINITIALIZED_AUTOS = YES_AGGRESSIVE;
				GCC_WARN_UNUSED_FUNCTION = YES;
				GCC_WARN_UNUSED_VARIABLE = YES;
				IPHONEOS_DEPLOYMENT_TARGET = 16.4;
				MTL_ENABLE_DEBUG_INFO = INCLUDE_SOURCE;
				MTL_FAST_MATH = YES;
				ONLY_ACTIVE_ARCH = YES;
				SDKROOT = iphoneos;
				SWIFT_ACTIVE_COMPILATION_CONDITIONS = DEBUG;
				SWIFT_OPTIMIZATION_LEVEL = "-Onone";
			};
			name = Debug;
		};
		0CC446DF2BF4E03500D407A8 /* Release */ = {
			isa = XCBuildConfiguration;
			buildSettings = {
				ALWAYS_SEARCH_USER_PATHS = NO;
				CLANG_ANALYZER_NONNULL = YES;
				CLANG_ANALYZER_NUMBER_OBJECT_CONVERSION = YES_AGGRESSIVE;
				CLANG_CXX_LANGUAGE_STANDARD = "gnu++20";
				CLANG_ENABLE_MODULES = YES;
				CLANG_ENABLE_OBJC_ARC = YES;
				CLANG_ENABLE_OBJC_WEAK = YES;
				CLANG_WARN_BLOCK_CAPTURE_AUTORELEASING = YES;
				CLANG_WARN_BOOL_CONVERSION = YES;
				CLANG_WARN_COMMA = YES;
				CLANG_WARN_CONSTANT_CONVERSION = YES;
				CLANG_WARN_DEPRECATED_OBJC_IMPLEMENTATIONS = YES;
				CLANG_WARN_DIRECT_OBJC_ISA_USAGE = YES_ERROR;
				CLANG_WARN_DOCUMENTATION_COMMENTS = YES;
				CLANG_WARN_EMPTY_BODY = YES;
				CLANG_WARN_ENUM_CONVERSION = YES;
				CLANG_WARN_INFINITE_RECURSION = YES;
				CLANG_WARN_INT_CONVERSION = YES;
				CLANG_WARN_NON_LITERAL_NULL_CONVERSION = YES;
				CLANG_WARN_OBJC_IMPLICIT_RETAIN_SELF = YES;
				CLANG_WARN_OBJC_LITERAL_CONVERSION = YES;
				CLANG_WARN_OBJC_ROOT_CLASS = YES_ERROR;
				CLANG_WARN_QUOTED_INCLUDE_IN_FRAMEWORK_HEADER = YES;
				CLANG_WARN_RANGE_LOOP_ANALYSIS = YES;
				CLANG_WARN_STRICT_PROTOTYPES = YES;
				CLANG_WARN_SUSPICIOUS_MOVE = YES;
				CLANG_WARN_UNGUARDED_AVAILABILITY = YES_AGGRESSIVE;
				CLANG_WARN_UNREACHABLE_CODE = YES;
				CLANG_WARN__DUPLICATE_METHOD_MATCH = YES;
				COPY_PHASE_STRIP = NO;
				DEBUG_INFORMATION_FORMAT = "dwarf-with-dsym";
				ENABLE_NS_ASSERTIONS = NO;
				ENABLE_STRICT_OBJC_MSGSEND = YES;
				GCC_C_LANGUAGE_STANDARD = gnu11;
				GCC_NO_COMMON_BLOCKS = YES;
				GCC_WARN_64_TO_32_BIT_CONVERSION = YES;
				GCC_WARN_ABOUT_RETURN_TYPE = YES_ERROR;
				GCC_WARN_UNDECLARED_SELECTOR = YES;
				GCC_WARN_UNINITIALIZED_AUTOS = YES_AGGRESSIVE;
				GCC_WARN_UNUSED_FUNCTION = YES;
				GCC_WARN_UNUSED_VARIABLE = YES;
				IPHONEOS_DEPLOYMENT_TARGET = 16.4;
				MTL_ENABLE_DEBUG_INFO = NO;
				MTL_FAST_MATH = YES;
				SDKROOT = iphoneos;
				SWIFT_COMPILATION_MODE = wholemodule;
				SWIFT_OPTIMIZATION_LEVEL = "-O";
				VALIDATE_PRODUCT = YES;
			};
			name = Release;
		};
		0CC446E12BF4E03500D407A8 /* Debug */ = {
			isa = XCBuildConfiguration;
			buildSettings = {
				ASSETCATALOG_COMPILER_APPICON_NAME = AppIcon;
				ASSETCATALOG_COMPILER_GLOBAL_ACCENT_COLOR_NAME = AccentColor;
				CODE_SIGN_STYLE = Automatic;
				CURRENT_PROJECT_VERSION = 1;
				DEVELOPMENT_ASSET_PATHS = "\"my_to_do_list/Preview Content\"";
				ENABLE_PREVIEWS = YES;
				GENERATE_INFOPLIST_FILE = YES;
				INFOPLIST_KEY_CFBundleDisplayName = "To Do List";
				INFOPLIST_KEY_UIApplicationSceneManifest_Generation = YES;
				INFOPLIST_KEY_UIApplicationSupportsIndirectInputEvents = YES;
				INFOPLIST_KEY_UILaunchScreen_Generation = YES;
				INFOPLIST_KEY_UISupportedInterfaceOrientations = UIInterfaceOrientationPortrait;
				LD_RUNPATH_SEARCH_PATHS = (
					"$(inherited)",
					"@executable_path/Frameworks",
				);
				MARKETING_VERSION = 1.0;
				PRODUCT_BUNDLE_IDENTIFIER = shehani.todolist;
				PRODUCT_NAME = "$(TARGET_NAME)";
				SWIFT_EMIT_LOC_STRINGS = YES;
				SWIFT_VERSION = 5.0;
				TARGETED_DEVICE_FAMILY = "1,2";
			};
			name = Debug;
		};
		0CC446E22BF4E03500D407A8 /* Release */ = {
			isa = XCBuildConfiguration;
			buildSettings = {
				ASSETCATALOG_COMPILER_APPICON_NAME = AppIcon;
				ASSETCATALOG_COMPILER_GLOBAL_ACCENT_COLOR_NAME = AccentColor;
				CODE_SIGN_STYLE = Automatic;
				CURRENT_PROJECT_VERSION = 1;
				DEVELOPMENT_ASSET_PATHS = "\"my_to_do_list/Preview Content\"";
				ENABLE_PREVIEWS = YES;
				GENERATE_INFOPLIST_FILE = YES;
				INFOPLIST_KEY_CFBundleDisplayName = "To Do List";
				INFOPLIST_KEY_UIApplicationSceneManifest_Generation = YES;
				INFOPLIST_KEY_UIApplicationSupportsIndirectInputEvents = YES;
				INFOPLIST_KEY_UILaunchScreen_Generation = YES;
				INFOPLIST_KEY_UISupportedInterfaceOrientations = UIInterfaceOrientationPortrait;
				LD_RUNPATH_SEARCH_PATHS = (
					"$(inherited)",
					"@executable_path/Frameworks",
				);
				MARKETING_VERSION = 1.0;
				PRODUCT_BUNDLE_IDENTIFIER = shehani.todolist;
				PRODUCT_NAME = "$(TARGET_NAME)";
				SWIFT_EMIT_LOC_STRINGS = YES;
				SWIFT_VERSION = 5.0;
				TARGETED_DEVICE_FAMILY = "1,2";
			};
			name = Release;
		};
/* End XCBuildConfiguration section */

/* Begin XCConfigurationList section */
		0CC446CD2BF4E03100D407A8 /* Build configuration list for PBXProject "my_to_do_list" */ = {
			isa = XCConfigurationList;
			buildConfigurations = (
				0CC446DE2BF4E03500D407A8 /* Debug */,
				0CC446DF2BF4E03500D407A8 /* Release */,
			);
			defaultConfigurationIsVisible = 0;
			defaultConfigurationName = Release;
		};
		0CC446E02BF4E03500D407A8 /* Build configuration list for PBXNativeTarget "my_to_do_list" */ = {
			isa = XCConfigurationList;
			buildConfigurations = (
				0CC446E12BF4E03500D407A8 /* Debug */,
				0CC446E22BF4E03500D407A8 /* Release */,
			);
			defaultConfigurationIsVisible = 0;
			defaultConfigurationName = Release;
		};
/* End XCConfigurationList section */

/* Begin XCRemoteSwiftPackageReference section */
		0CC446E32BF4E0D800D407A8 /* XCRemoteSwiftPackageReference "swift-algorithms" */ = {
			isa = XCRemoteSwiftPackageReference;
			repositoryURL = "https://github.com/apple/swift-algorithms.git";
			requirement = {
				kind = upToNextMajorVersion;
				minimumVersion = 1.0.0;
			};
		};
		0CC446E62BF4E34F00D407A8 /* XCRemoteSwiftPackageReference "firebase-ios-sdk" */ = {
			isa = XCRemoteSwiftPackageReference;
			repositoryURL = "https://github.com/firebase/firebase-ios-sdk.git";
			requirement = {
				kind = upToNextMajorVersion;
				minimumVersion = 10.0.0;
			};
		};
/* End XCRemoteSwiftPackageReference section */

/* Begin XCSwiftPackageProductDependency section */
		0CC446E42BF4E0D800D407A8 /* Algorithms */ = {
			isa = XCSwiftPackageProductDependency;
			package = 0CC446E32BF4E0D800D407A8 /* XCRemoteSwiftPackageReference "swift-algorithms" */;
			productName = Algorithms;
		};
		0CC446E72BF4E34F00D407A8 /* FirebaseAuth */ = {
			isa = XCSwiftPackageProductDependency;
			package = 0CC446E62BF4E34F00D407A8 /* XCRemoteSwiftPackageReference "firebase-ios-sdk" */;
			productName = FirebaseAuth;
		};
		0CC446E92BF4E34F00D407A8 /* FirebaseFirestore */ = {
			isa = XCSwiftPackageProductDependency;
			package = 0CC446E62BF4E34F00D407A8 /* XCRemoteSwiftPackageReference "firebase-ios-sdk" */;
			productName = FirebaseFirestore;
		};
		0CC446EB2BF4E34F00D407A8 /* FirebaseFirestoreSwift */ = {
			isa = XCSwiftPackageProductDependency;
			package = 0CC446E62BF4E34F00D407A8 /* XCRemoteSwiftPackageReference "firebase-ios-sdk" */;
			productName = FirebaseFirestoreSwift;
		};
/* End XCSwiftPackageProductDependency section */
	};
	rootObject = 0CC446CA2BF4E03100D407A8 /* Project object */;
}
